// !$*UTF8*$!
{
	archiveVersion = 1;
	classes = {
	};
	objectVersion = 55;
	objects = {

/* Begin PBXBuildFile section */
		3103D5F527FDA08D00DA1655 /* BoxCell.swift in Sources */ = {isa = PBXBuildFile; fileRef = 3103D5F427FDA08D00DA1655 /* BoxCell.swift */; };
		3103D5F727FDA45500DA1655 /* Box.swift in Sources */ = {isa = PBXBuildFile; fileRef = 3103D5F627FDA45500DA1655 /* Box.swift */; };
		31608CD927F4709D00F4039D /* AppDelegate.swift in Sources */ = {isa = PBXBuildFile; fileRef = 31608CD827F4709D00F4039D /* AppDelegate.swift */; };
		31608CDB27F4709D00F4039D /* SceneDelegate.swift in Sources */ = {isa = PBXBuildFile; fileRef = 31608CDA27F4709D00F4039D /* SceneDelegate.swift */; };
		31608CDD27F4709D00F4039D /* ViewController.swift in Sources */ = {isa = PBXBuildFile; fileRef = 31608CDC27F4709D00F4039D /* ViewController.swift */; };
		31608CE027F4709D00F4039D /* Main.storyboard in Resources */ = {isa = PBXBuildFile; fileRef = 31608CDE27F4709D00F4039D /* Main.storyboard */; };
		31608CE227F4709E00F4039D /* Assets.xcassets in Resources */ = {isa = PBXBuildFile; fileRef = 31608CE127F4709E00F4039D /* Assets.xcassets */; };
		31608CE527F4709E00F4039D /* LaunchScreen.storyboard in Resources */ = {isa = PBXBuildFile; fileRef = 31608CE327F4709E00F4039D /* LaunchScreen.storyboard */; };
		31AEDBBA283E36E3003904D9 /* Chevre.mp3 in Resources */ = {isa = PBXBuildFile; fileRef = 31AEDBB9283E36E3003904D9 /* Chevre.mp3 */; };
		31AEDBBE283E409A003904D9 /* cochon.mp3 in Resources */ = {isa = PBXBuildFile; fileRef = 31AEDBBD283E409A003904D9 /* cochon.mp3 */; };
		31AEDBC0283E420A003904D9 /* canard.mp3 in Resources */ = {isa = PBXBuildFile; fileRef = 31AEDBBF283E420A003904D9 /* canard.mp3 */; };
		31D4E1FC27FB2C4300760B17 /* BoxViewController.swift in Sources */ = {isa = PBXBuildFile; fileRef = 31D4E1FB27FB2C4300760B17 /* BoxViewController.swift */; };
		F63A706B27FB2BA300322235 /* cow.mp3 in Resources */ = {isa = PBXBuildFile; fileRef = F63A706A27FB2BA300322235 /* cow.mp3 */; };
/* End PBXBuildFile section */

/* Begin PBXFileReference section */
		3103D5F427FDA08D00DA1655 /* BoxCell.swift */ = {isa = PBXFileReference; lastKnownFileType = sourcecode.swift; path = BoxCell.swift; sourceTree = "<group>"; };
		3103D5F627FDA45500DA1655 /* Box.swift */ = {isa = PBXFileReference; lastKnownFileType = sourcecode.swift; path = Box.swift; sourceTree = "<group>"; };
		31608CD527F4709D00F4039D /* Meuh.app */ = {isa = PBXFileReference; explicitFileType = wrapper.application; includeInIndex = 0; path = Meuh.app; sourceTree = BUILT_PRODUCTS_DIR; };
		31608CD827F4709D00F4039D /* AppDelegate.swift */ = {isa = PBXFileReference; lastKnownFileType = sourcecode.swift; path = AppDelegate.swift; sourceTree = "<group>"; };
		31608CDA27F4709D00F4039D /* SceneDelegate.swift */ = {isa = PBXFileReference; lastKnownFileType = sourcecode.swift; path = SceneDelegate.swift; sourceTree = "<group>"; };
		31608CDC27F4709D00F4039D /* ViewController.swift */ = {isa = PBXFileReference; lastKnownFileType = sourcecode.swift; path = ViewController.swift; sourceTree = "<group>"; };
		31608CDF27F4709D00F4039D /* Base */ = {isa = PBXFileReference; lastKnownFileType = file.storyboard; name = Base; path = Base.lproj/Main.storyboard; sourceTree = "<group>"; };
		31608CE127F4709E00F4039D /* Assets.xcassets */ = {isa = PBXFileReference; lastKnownFileType = folder.assetcatalog; path = Assets.xcassets; sourceTree = "<group>"; };
		31608CE427F4709E00F4039D /* Base */ = {isa = PBXFileReference; lastKnownFileType = file.storyboard; name = Base; path = Base.lproj/LaunchScreen.storyboard; sourceTree = "<group>"; };
		31608CE627F4709E00F4039D /* Info.plist */ = {isa = PBXFileReference; lastKnownFileType = text.plist.xml; path = Info.plist; sourceTree = "<group>"; };
		31AEDBB9283E36E3003904D9 /* Chevre.mp3 */ = {isa = PBXFileReference; lastKnownFileType = audio.mp3; name = Chevre.mp3; path = ../../../Downloads/Chevre.mp3; sourceTree = "<group>"; };
		31AEDBBD283E409A003904D9 /* cochon.mp3 */ = {isa = PBXFileReference; lastKnownFileType = audio.mp3; path = cochon.mp3; sourceTree = "<group>"; };
		31AEDBBF283E420A003904D9 /* canard.mp3 */ = {isa = PBXFileReference; lastKnownFileType = audio.mp3; path = canard.mp3; sourceTree = "<group>"; };
		31D4E1FB27FB2C4300760B17 /* BoxViewController.swift */ = {isa = PBXFileReference; lastKnownFileType = sourcecode.swift; path = BoxViewController.swift; sourceTree = "<group>"; };
		F63A706A27FB2BA300322235 /* cow.mp3 */ = {isa = PBXFileReference; lastKnownFileType = audio.mp3; path = cow.mp3; sourceTree = "<group>"; };
/* End PBXFileReference section */

/* Begin PBXFrameworksBuildPhase section */
		31608CD227F4709D00F4039D /* Frameworks */ = {
			isa = PBXFrameworksBuildPhase;
			buildActionMask = 2147483647;
			files = (
			);
			runOnlyForDeploymentPostprocessing = 0;
		};
/* End PBXFrameworksBuildPhase section */

/* Begin PBXGroup section */
		31608CCC27F4709D00F4039D = {
			isa = PBXGroup;
			children = (
				31608CD727F4709D00F4039D /* Meuh */,
				31608CD627F4709D00F4039D /* Products */,
			);
			sourceTree = "<group>";
		};
		31608CD627F4709D00F4039D /* Products */ = {
			isa = PBXGroup;
			children = (
				31608CD527F4709D00F4039D /* Meuh.app */,
			);
			name = Products;
			sourceTree = "<group>";
		};
		31608CD727F4709D00F4039D /* Meuh */ = {
			isa = PBXGroup;
			children = (
				31AEDBB9283E36E3003904D9 /* Chevre.mp3 */,
				F63A706A27FB2BA300322235 /* cow.mp3 */,
				31608CD827F4709D00F4039D /* AppDelegate.swift */,
				31608CDA27F4709D00F4039D /* SceneDelegate.swift */,
				31608CDC27F4709D00F4039D /* ViewController.swift */,
				31D4E1FB27FB2C4300760B17 /* BoxViewController.swift */,
				3103D5F427FDA08D00DA1655 /* BoxCell.swift */,
				31608CDE27F4709D00F4039D /* Main.storyboard */,
				31608CE127F4709E00F4039D /* Assets.xcassets */,
				31608CE327F4709E00F4039D /* LaunchScreen.storyboard */,
				31608CE627F4709E00F4039D /* Info.plist */,
				3103D5F627FDA45500DA1655 /* Box.swift */,
				31AEDBBD283E409A003904D9 /* cochon.mp3 */,
				31AEDBBF283E420A003904D9 /* canard.mp3 */,
			);
			path = Meuh;
			sourceTree = "<group>";
		};
/* End PBXGroup section */

/* Begin PBXNativeTarget section */
		31608CD427F4709D00F4039D /* Meuh */ = {
			isa = PBXNativeTarget;
			buildConfigurationList = 31608CE927F4709E00F4039D /* Build configuration list for PBXNativeTarget "Meuh" */;
			buildPhases = (
				31608CD127F4709D00F4039D /* Sources */,
				31608CD227F4709D00F4039D /* Frameworks */,
				31608CD327F4709D00F4039D /* Resources */,
			);
			buildRules = (
			);
			dependencies = (
			);
			name = Meuh;
			productName = Meuh;
			productReference = 31608CD527F4709D00F4039D /* Meuh.app */;
			productType = "com.apple.product-type.application";
		};
/* End PBXNativeTarget section */

/* Begin PBXProject section */
		31608CCD27F4709D00F4039D /* Project object */ = {
			isa = PBXProject;
			attributes = {
				BuildIndependentTargetsInParallel = 1;
				LastSwiftUpdateCheck = 1300;
				LastUpgradeCheck = 1300;
				TargetAttributes = {
					31608CD427F4709D00F4039D = {
						CreatedOnToolsVersion = 13.0;
					};
				};
			};
			buildConfigurationList = 31608CD027F4709D00F4039D /* Build configuration list for PBXProject "Meuh" */;
			compatibilityVersion = "Xcode 13.0";
			developmentRegion = en;
			hasScannedForEncodings = 0;
			knownRegions = (
				en,
				Base,
			);
			mainGroup = 31608CCC27F4709D00F4039D;
			productRefGroup = 31608CD627F4709D00F4039D /* Products */;
			projectDirPath = "";
			projectRoot = "";
			targets = (
				31608CD427F4709D00F4039D /* Meuh */,
			);
		};
/* End PBXProject section */

/* Begin PBXResourcesBuildPhase section */
		31608CD327F4709D00F4039D /* Resources */ = {
			isa = PBXResourcesBuildPhase;
			buildActionMask = 2147483647;
			files = (
				31608CE527F4709E00F4039D /* LaunchScreen.storyboard in Resources */,
				31608CE227F4709E00F4039D /* Assets.xcassets in Resources */,
				31AEDBBE283E409A003904D9 /* cochon.mp3 in Resources */,
				F63A706B27FB2BA300322235 /* cow.mp3 in Resources */,
				31608CE027F4709D00F4039D /* Main.storyboard in Resources */,
				31AEDBBA283E36E3003904D9 /* Chevre.mp3 in Resources */,
				31AEDBC0283E420A003904D9 /* canard.mp3 in Resources */,
			);
			runOnlyForDeploymentPostprocessing = 0;
		};
/* End PBXResourcesBuildPhase section */

/* Begin PBXSourcesBuildPhase section */
		31608CD127F4709D00F4039D /* Sources */ = {
			isa = PBXSourcesBuildPhase;
			buildActionMask = 2147483647;
			files = (
				31608CDD27F4709D00F4039D /* ViewController.swift in Sources */,
				31608CD927F4709D00F4039D /* AppDelegate.swift in Sources */,
				F699692E283E359800DC6D86 /* RecordController.swift in Sources */,
				31D4E1FC27FB2C4300760B17 /* BoxViewController.swift in Sources */,
				3103D5F727FDA45500DA1655 /* Box.swift in Sources */,
				31608CDB27F4709D00F4039D /* SceneDelegate.swift in Sources */,
				3103D5F527FDA08D00DA1655 /* BoxCell.swift in Sources */,
			);
			runOnlyForDeploymentPostprocessing = 0;
		};
/* End PBXSourcesBuildPhase section */

/* Begin PBXVariantGroup section */
		31608CDE27F4709D00F4039D /* Main.storyboard */ = {
			isa = PBXVariantGroup;
			children = (
				31608CDF27F4709D00F4039D /* Base */,
			);
			name = Main.storyboard;
			sourceTree = "<group>";
		};
		31608CE327F4709E00F4039D /* LaunchScreen.storyboard */ = {
			isa = PBXVariantGroup;
			children = (
				31608CE427F4709E00F4039D /* Base */,
			);
			name = LaunchScreen.storyboard;
			sourceTree = "<group>";
		};
/* End PBXVariantGroup section */

/* Begin XCBuildConfiguration section */
		31608CE727F4709E00F4039D /* Debug */ = {
			isa = XCBuildConfiguration;
			buildSettings = {
				ALWAYS_SEARCH_USER_PATHS = NO;
				CLANG_ANALYZER_NONNULL = YES;
				CLANG_ANALYZER_NUMBER_OBJECT_CONVERSION = YES_AGGRESSIVE;
				CLANG_CXX_LANGUAGE_STANDARD = "gnu++17";
				CLANG_CXX_LIBRARY = "libc++";
				CLANG_ENABLE_MODULES = YES;
				CLANG_ENABLE_OBJC_ARC = YES;
				CLANG_ENABLE_OBJC_WEAK = YES;
				CLANG_WARN_BLOCK_CAPTURE_AUTORELEASING = YES;
				CLANG_WARN_BOOL_CONVERSION = YES;
				CLANG_WARN_COMMA = YES;
				CLANG_WARN_CONSTANT_CONVERSION = YES;
				CLANG_WARN_DEPRECATED_OBJC_IMPLEMENTATIONS = YES;
				CLANG_WARN_DIRECT_OBJC_ISA_USAGE = YES_ERROR;
				CLANG_WARN_DOCUMENTATION_COMMENTS = YES;
				CLANG_WARN_EMPTY_BODY = YES;
				CLANG_WARN_ENUM_CONVERSION = YES;
				CLANG_WARN_INFINITE_RECURSION = YES;
				CLANG_WARN_INT_CONVERSION = YES;
				CLANG_WARN_NON_LITERAL_NULL_CONVERSION = YES;
				CLANG_WARN_OBJC_IMPLICIT_RETAIN_SELF = YES;
				CLANG_WARN_OBJC_LITERAL_CONVERSION = YES;
				CLANG_WARN_OBJC_ROOT_CLASS = YES_ERROR;
				CLANG_WARN_QUOTED_INCLUDE_IN_FRAMEWORK_HEADER = YES;
				CLANG_WARN_RANGE_LOOP_ANALYSIS = YES;
				CLANG_WARN_STRICT_PROTOTYPES = YES;
				CLANG_WARN_SUSPICIOUS_MOVE = YES;
				CLANG_WARN_UNGUARDED_AVAILABILITY = YES_AGGRESSIVE;
				CLANG_WARN_UNREACHABLE_CODE = YES;
				CLANG_WARN__DUPLICATE_METHOD_MATCH = YES;
				COPY_PHASE_STRIP = NO;
				DEBUG_INFORMATION_FORMAT = dwarf;
				ENABLE_STRICT_OBJC_MSGSEND = YES;
				ENABLE_TESTABILITY = YES;
				GCC_C_LANGUAGE_STANDARD = gnu11;
				GCC_DYNAMIC_NO_PIC = NO;
				GCC_NO_COMMON_BLOCKS = YES;
				GCC_OPTIMIZATION_LEVEL = 0;
				GCC_PREPROCESSOR_DEFINITIONS = (
					"DEBUG=1",
					"$(inherited)",
				);
				GCC_WARN_64_TO_32_BIT_CONVERSION = YES;
				GCC_WARN_ABOUT_RETURN_TYPE = YES_ERROR;
				GCC_WARN_UNDECLARED_SELECTOR = YES;
				GCC_WARN_UNINITIALIZED_AUTOS = YES_AGGRESSIVE;
				GCC_WARN_UNUSED_FUNCTION = YES;
				GCC_WARN_UNUSED_VARIABLE = YES;
				IPHONEOS_DEPLOYMENT_TARGET = 15.0;
				MTL_ENABLE_DEBUG_INFO = INCLUDE_SOURCE;
				MTL_FAST_MATH = YES;
				ONLY_ACTIVE_ARCH = YES;
				SDKROOT = iphoneos;
				SWIFT_ACTIVE_COMPILATION_CONDITIONS = DEBUG;
				SWIFT_OPTIMIZATION_LEVEL = "-Onone";
			};
			name = Debug;
		};
		31608CE827F4709E00F4039D /* Release */ = {
			isa = XCBuildConfiguration;
			buildSettings = {
				ALWAYS_SEARCH_USER_PATHS = NO;
				CLANG_ANALYZER_NONNULL = YES;
				CLANG_ANALYZER_NUMBER_OBJECT_CONVERSION = YES_AGGRESSIVE;
				CLANG_CXX_LANGUAGE_STANDARD = "gnu++17";
				CLANG_CXX_LIBRARY = "libc++";
				CLANG_ENABLE_MODULES = YES;
				CLANG_ENABLE_OBJC_ARC = YES;
				CLANG_ENABLE_OBJC_WEAK = YES;
				CLANG_WARN_BLOCK_CAPTURE_AUTORELEASING = YES;
				CLANG_WARN_BOOL_CONVERSION = YES;
				CLANG_WARN_COMMA = YES;
				CLANG_WARN_CONSTANT_CONVERSION = YES;
				CLANG_WARN_DEPRECATED_OBJC_IMPLEMENTATIONS = YES;
				CLANG_WARN_DIRECT_OBJC_ISA_USAGE = YES_ERROR;
				CLANG_WARN_DOCUMENTATION_COMMENTS = YES;
				CLANG_WARN_EMPTY_BODY = YES;
				CLANG_WARN_ENUM_CONVERSION = YES;
				CLANG_WARN_INFINITE_RECURSION = YES;
				CLANG_WARN_INT_CONVERSION = YES;
				CLANG_WARN_NON_LITERAL_NULL_CONVERSION = YES;
				CLANG_WARN_OBJC_IMPLICIT_RETAIN_SELF = YES;
				CLANG_WARN_OBJC_LITERAL_CONVERSION = YES;
				CLANG_WARN_OBJC_ROOT_CLASS = YES_ERROR;
				CLANG_WARN_QUOTED_INCLUDE_IN_FRAMEWORK_HEADER = YES;
				CLANG_WARN_RANGE_LOOP_ANALYSIS = YES;
				CLANG_WARN_STRICT_PROTOTYPES = YES;
				CLANG_WARN_SUSPICIOUS_MOVE = YES;
				CLANG_WARN_UNGUARDED_AVAILABILITY = YES_AGGRESSIVE;
				CLANG_WARN_UNREACHABLE_CODE = YES;
				CLANG_WARN__DUPLICATE_METHOD_MATCH = YES;
				COPY_PHASE_STRIP = NO;
				DEBUG_INFORMATION_FORMAT = "dwarf-with-dsym";
				ENABLE_NS_ASSERTIONS = NO;
				ENABLE_STRICT_OBJC_MSGSEND = YES;
				GCC_C_LANGUAGE_STANDARD = gnu11;
				GCC_NO_COMMON_BLOCKS = YES;
				GCC_WARN_64_TO_32_BIT_CONVERSION = YES;
				GCC_WARN_ABOUT_RETURN_TYPE = YES_ERROR;
				GCC_WARN_UNDECLARED_SELECTOR = YES;
				GCC_WARN_UNINITIALIZED_AUTOS = YES_AGGRESSIVE;
				GCC_WARN_UNUSED_FUNCTION = YES;
				GCC_WARN_UNUSED_VARIABLE = YES;
				IPHONEOS_DEPLOYMENT_TARGET = 15.0;
				MTL_ENABLE_DEBUG_INFO = NO;
				MTL_FAST_MATH = YES;
				SDKROOT = iphoneos;
				SWIFT_COMPILATION_MODE = wholemodule;
				SWIFT_OPTIMIZATION_LEVEL = "-O";
				VALIDATE_PRODUCT = YES;
			};
			name = Release;
		};
		31608CEA27F4709E00F4039D /* Debug */ = {
			isa = XCBuildConfiguration;
			buildSettings = {
				ASSETCATALOG_COMPILER_APPICON_NAME = AppIcon;
				ASSETCATALOG_COMPILER_GLOBAL_ACCENT_COLOR_NAME = AccentColor;
				CODE_SIGN_STYLE = Automatic;
				CURRENT_PROJECT_VERSION = 1;
				GENERATE_INFOPLIST_FILE = YES;
				INFOPLIST_FILE = Meuh/Info.plist;
				INFOPLIST_KEY_UIApplicationSupportsIndirectInputEvents = YES;
				INFOPLIST_KEY_UILaunchStoryboardName = LaunchScreen;
				INFOPLIST_KEY_UIMainStoryboardFile = Main;
				INFOPLIST_KEY_UISupportedInterfaceOrientations = UIInterfaceOrientationPortrait;
				INFOPLIST_KEY_UISupportedInterfaceOrientations_iPad = "UIInterfaceOrientationPortrait UIInterfaceOrientationPortraitUpsideDown UIInterfaceOrientationLandscapeLeft UIInterfaceOrientationLandscapeRight";
				INFOPLIST_KEY_UISupportedInterfaceOrientations_iPhone = "UIInterfaceOrientationPortrait UIInterfaceOrientationLandscapeLeft UIInterfaceOrientationLandscapeRight";
				LD_RUNPATH_SEARCH_PATHS = (
					"$(inherited)",
					"@executable_path/Frameworks",
				);
				MARKETING_VERSION = 1.0;
				PRODUCT_BUNDLE_IDENTIFIER = com.meuh.Meuh;
				PRODUCT_NAME = "$(TARGET_NAME)";
				SWIFT_EMIT_LOC_STRINGS = YES;
				SWIFT_VERSION = 5.0;
				TARGETED_DEVICE_FAMILY = "1,2";
			};
			name = Debug;
		};
		31608CEB27F4709E00F4039D /* Release */ = {
			isa = XCBuildConfiguration;
			buildSettings = {
				ASSETCATALOG_COMPILER_APPICON_NAME = AppIcon;
				ASSETCATALOG_COMPILER_GLOBAL_ACCENT_COLOR_NAME = AccentColor;
				CODE_SIGN_STYLE = Automatic;
				CURRENT_PROJECT_VERSION = 1;
				GENERATE_INFOPLIST_FILE = YES;
				INFOPLIST_FILE = Meuh/Info.plist;
				INFOPLIST_KEY_UIApplicationSupportsIndirectInputEvents = YES;
				INFOPLIST_KEY_UILaunchStoryboardName = LaunchScreen;
				INFOPLIST_KEY_UIMainStoryboardFile = Main;
				INFOPLIST_KEY_UISupportedInterfaceOrientations = UIInterfaceOrientationPortrait;
				INFOPLIST_KEY_UISupportedInterfaceOrientations_iPad = "UIInterfaceOrientationPortrait UIInterfaceOrientationPortraitUpsideDown UIInterfaceOrientationLandscapeLeft UIInterfaceOrientationLandscapeRight";
				INFOPLIST_KEY_UISupportedInterfaceOrientations_iPhone = "UIInterfaceOrientationPortrait UIInterfaceOrientationLandscapeLeft UIInterfaceOrientationLandscapeRight";
				LD_RUNPATH_SEARCH_PATHS = (
					"$(inherited)",
					"@executable_path/Frameworks",
				);
				MARKETING_VERSION = 1.0;
				PRODUCT_BUNDLE_IDENTIFIER = com.meuh.Meuh;
				PRODUCT_NAME = "$(TARGET_NAME)";
				SWIFT_EMIT_LOC_STRINGS = YES;
				SWIFT_VERSION = 5.0;
				TARGETED_DEVICE_FAMILY = "1,2";
			};
			name = Release;
		};
/* End XCBuildConfiguration section */

/* Begin XCConfigurationList section */
		31608CD027F4709D00F4039D /* Build configuration list for PBXProject "Meuh" */ = {
			isa = XCConfigurationList;
			buildConfigurations = (
				31608CE727F4709E00F4039D /* Debug */,
				31608CE827F4709E00F4039D /* Release */,
			);
			defaultConfigurationIsVisible = 0;
			defaultConfigurationName = Release;
		};
		31608CE927F4709E00F4039D /* Build configuration list for PBXNativeTarget "Meuh" */ = {
			isa = XCConfigurationList;
			buildConfigurations = (
				31608CEA27F4709E00F4039D /* Debug */,
				31608CEB27F4709E00F4039D /* Release */,
			);
			defaultConfigurationIsVisible = 0;
			defaultConfigurationName = Release;
		};
/* End XCConfigurationList section */
	};
	rootObject = 31608CCD27F4709D00F4039D /* Project object */;
}
